
Microsoft Visual Studio Solution File, Format Version 12.00
# Visual Studio 15
VisualStudioVersion = 15.0.27703.2000
MinimumVisualStudioVersion = 10.0.40219.1
Project("{FAE04EC0-301F-11D3-BF4B-00C04F79EFBC}") = "AWSTestTravis", "AWSTestTravis\AWSTestTravis.csproj", "{4821968B-EB3C-4BE5-9607-936D9DAB8C43}"
EndProject
Global
	GlobalSection(SolutionConfigurationPlatforms) = preSolution
		Debug|Any CPU = Debug|Any CPU
		Release|Any CPU = Release|Any CPU
	EndGlobalSection
	GlobalSection(ProjectConfigurationPlatforms) = postSolution
		{4821968B-EB3C-4BE5-9607-936D9DAB8C43}.Debug|Any CPU.ActiveCfg = Debug|Any CPU
		{4821968B-EB3C-4BE5-9607-936D9DAB8C43}.Debug|Any CPU.Build.0 = Debug|Any CPU
		{4821968B-EB3C-4BE5-9607-936D9DAB8C43}.Release|Any CPU.ActiveCfg = Release|Any CPU
		{4821968B-EB3C-4BE5-9607-936D9DAB8C43}.Release|Any CPU.Build.0 = Release|Any CPU
	EndGlobalSection
	GlobalSection(SolutionProperties) = preSolution
		HideSolutionNode = FALSE
	EndGlobalSection
	GlobalSection(ExtensibilityGlobals) = postSolution
		SolutionGuid = {FF926419-3BE0-4F83-902B-F105D2501DA1}
	EndGlobalSection
EndGlobal
